
Microsoft Visual Studio Solution File, Format Version 12.00
# Visual Studio 15
VisualStudioVersion = 15.0.27130.2026
MinimumVisualStudioVersion = 10.0.40219.1
Project("{FAE04EC0-301F-11D3-BF4B-00C04F79EFBC}") = "Synapse.Controller.Dal", "Synapse.Controller.Dal\Synapse.Controller.Dal.csproj", "{83DBC263-BB5E-4E09-8238-BCEE3A76E56D}"
EndProject
Project("{FAE04EC0-301F-11D3-BF4B-00C04F79EFBC}") = "Tester", "Tester\Tester.csproj", "{6EB66F04-3EAA-4155-9736-0572F5A59E5B}"
EndProject
Global
	GlobalSection(SolutionConfigurationPlatforms) = preSolution
		Debug|Any CPU = Debug|Any CPU
		Release|Any CPU = Release|Any CPU
	EndGlobalSection
	GlobalSection(ProjectConfigurationPlatforms) = postSolution
		{83DBC263-BB5E-4E09-8238-BCEE3A76E56D}.Debug|Any CPU.ActiveCfg = Debug|Any CPU
		{83DBC263-BB5E-4E09-8238-BCEE3A76E56D}.Debug|Any CPU.Build.0 = Debug|Any CPU
		{83DBC263-BB5E-4E09-8238-BCEE3A76E56D}.Release|Any CPU.ActiveCfg = Release|Any CPU
		{83DBC263-BB5E-4E09-8238-BCEE3A76E56D}.Release|Any CPU.Build.0 = Release|Any CPU
		{6EB66F04-3EAA-4155-9736-0572F5A59E5B}.Debug|Any CPU.ActiveCfg = Debug|Any CPU
		{6EB66F04-3EAA-4155-9736-0572F5A59E5B}.Debug|Any CPU.Build.0 = Debug|Any CPU
		{6EB66F04-3EAA-4155-9736-0572F5A59E5B}.Release|Any CPU.ActiveCfg = Release|Any CPU
		{6EB66F04-3EAA-4155-9736-0572F5A59E5B}.Release|Any CPU.Build.0 = Release|Any CPU
	EndGlobalSection
	GlobalSection(SolutionProperties) = preSolution
		HideSolutionNode = FALSE
	EndGlobalSection
	GlobalSection(ExtensibilityGlobals) = postSolution
		SolutionGuid = {5AEED477-A971-4F27-832B-DA73EDED4E09}
	EndGlobalSection
EndGlobal
